
Microsoft Visual Studio Solution File, Format Version 12.00
# Visual Studio 15
VisualStudioVersion = 15.0.27004.2010
MinimumVisualStudioVersion = 10.0.40219.1
Project("{FAE04EC0-301F-11D3-BF4B-00C04F79EFBC}") = "Edwards.Scada.Test.Framework", "Edwards.Scada.Test.Framework.csproj", "{B06263DD-9EAF-42C3-8044-2B9817493357}"
EndProject
Global
	GlobalSection(SolutionConfigurationPlatforms) = preSolution
		Debug|Any CPU = Debug|Any CPU
		Release|Any CPU = Release|Any CPU
	EndGlobalSection
	GlobalSection(ProjectConfigurationPlatforms) = postSolution
		{B06263DD-9EAF-42C3-8044-2B9817493357}.Debug|Any CPU.ActiveCfg = Debug|Any CPU
		{B06263DD-9EAF-42C3-8044-2B9817493357}.Debug|Any CPU.Build.0 = Debug|Any CPU
		{B06263DD-9EAF-42C3-8044-2B9817493357}.Release|Any CPU.ActiveCfg = Release|Any CPU
		{B06263DD-9EAF-42C3-8044-2B9817493357}.Release|Any CPU.Build.0 = Release|Any CPU
	EndGlobalSection
	GlobalSection(SolutionProperties) = preSolution
		HideSolutionNode = FALSE
	EndGlobalSection
	GlobalSection(ExtensibilityGlobals) = postSolution
		SolutionGuid = {ADF31763-06BA-4AE6-A067-3BB7948DF94F}
	EndGlobalSection
EndGlobal
